
Microsoft Visual Studio Solution File, Format Version 12.00
# Visual Studio Version 16
VisualStudioVersion = 16.0.810.23
MinimumVisualStudioVersion = 10.0.40219.1
Project("{FAE04EC0-301F-11D3-BF4B-00C04F79EFBC}") = "_oto", "_oto\_oto.csproj", "{BC1B426C-CB5D-42DD-B886-42604B2FC4B2}"
EndProject
Global
	GlobalSection(SolutionConfigurationPlatforms) = preSolution
		Debug|Any CPU = Debug|Any CPU
		Release|Any CPU = Release|Any CPU
	EndGlobalSection
	GlobalSection(ProjectConfigurationPlatforms) = postSolution
		{BC1B426C-CB5D-42DD-B886-42604B2FC4B2}.Debug|Any CPU.ActiveCfg = Debug|Any CPU
		{BC1B426C-CB5D-42DD-B886-42604B2FC4B2}.Debug|Any CPU.Build.0 = Debug|Any CPU
		{BC1B426C-CB5D-42DD-B886-42604B2FC4B2}.Release|Any CPU.ActiveCfg = Release|Any CPU
		{BC1B426C-CB5D-42DD-B886-42604B2FC4B2}.Release|Any CPU.Build.0 = Release|Any CPU
	EndGlobalSection
	GlobalSection(SolutionProperties) = preSolution
		HideSolutionNode = FALSE
	EndGlobalSection
	GlobalSection(ExtensibilityGlobals) = postSolution
		SolutionGuid = {6BCF5DBA-84DF-4203-A5D0-99E530E2184E}
	EndGlobalSection
EndGlobal
